// !$*UTF8*$!
{
	archiveVersion = 1;
	classes = {
	};
	objectVersion = 46;
	objects = {

/* Begin PBXBuildFile section */
		93D6D079191AD6D1002A553D /* Foundation.framework in Frameworks */ = {isa = PBXBuildFile; fileRef = 93D6D078191AD6D1002A553D /* Foundation.framework */; };
		93D6D07B191AD6D1002A553D /* CoreGraphics.framework in Frameworks */ = {isa = PBXBuildFile; fileRef = 93D6D07A191AD6D1002A553D /* CoreGraphics.framework */; };
		93D6D07D191AD6D1002A553D /* UIKit.framework in Frameworks */ = {isa = PBXBuildFile; fileRef = 93D6D07C191AD6D1002A553D /* UIKit.framework */; };
		93D6D083191AD6D1002A553D /* InfoPlist.strings in Resources */ = {isa = PBXBuildFile; fileRef = 93D6D081191AD6D1002A553D /* InfoPlist.strings */; };
		93D6D085191AD6D1002A553D /* main.m in Sources */ = {isa = PBXBuildFile; fileRef = 93D6D084191AD6D1002A553D /* main.m */; };
		93D6D089191AD6D1002A553D /* SSAppDelegate.m in Sources */ = {isa = PBXBuildFile; fileRef = 93D6D088191AD6D1002A553D /* SSAppDelegate.m */; };
		93D6D08B191AD6D1002A553D /* Images.xcassets in Resources */ = {isa = PBXBuildFile; fileRef = 93D6D08A191AD6D1002A553D /* Images.xcassets */; };
		93D6D092191AD6D1002A553D /* XCTest.framework in Frameworks */ = {isa = PBXBuildFile; fileRef = 93D6D091191AD6D1002A553D /* XCTest.framework */; };
		93D6D093191AD6D1002A553D /* Foundation.framework in Frameworks */ = {isa = PBXBuildFile; fileRef = 93D6D078191AD6D1002A553D /* Foundation.framework */; };
		93D6D094191AD6D1002A553D /* UIKit.framework in Frameworks */ = {isa = PBXBuildFile; fileRef = 93D6D07C191AD6D1002A553D /* UIKit.framework */; };
		93D6D09C191AD6D1002A553D /* InfoPlist.strings in Resources */ = {isa = PBXBuildFile; fileRef = 93D6D09A191AD6D1002A553D /* InfoPlist.strings */; };
		93D6D09E191AD6D1002A553D /* SongSenderTests.m in Sources */ = {isa = PBXBuildFile; fileRef = 93D6D09D191AD6D1002A553D /* SongSenderTests.m */; };
/* End PBXBuildFile section */

/* Begin PBXContainerItemProxy section */
		93D6D095191AD6D1002A553D /* PBXContainerItemProxy */ = {
			isa = PBXContainerItemProxy;
			containerPortal = 93D6D06D191AD6D1002A553D /* Project object */;
			proxyType = 1;
			remoteGlobalIDString = 93D6D074191AD6D1002A553D;
			remoteInfo = SongSender;
		};
/* End PBXContainerItemProxy section */

/* Begin PBXFileReference section */
		93D6D075191AD6D1002A553D /* SongSender.app */ = {isa = PBXFileReference; explicitFileType = wrapper.application; includeInIndex = 0; path = SongSender.app; sourceTree = BUILT_PRODUCTS_DIR; };
		93D6D078191AD6D1002A553D /* Foundation.framework */ = {isa = PBXFileReference; lastKnownFileType = wrapper.framework; name = Foundation.framework; path = System/Library/Frameworks/Foundation.framework; sourceTree = SDKROOT; };
		93D6D07A191AD6D1002A553D /* CoreGraphics.framework */ = {isa = PBXFileReference; lastKnownFileType = wrapper.framework; name = CoreGraphics.framework; path = System/Library/Frameworks/CoreGraphics.framework; sourceTree = SDKROOT; };
		93D6D07C191AD6D1002A553D /* UIKit.framework */ = {isa = PBXFileReference; lastKnownFileType = wrapper.framework; name = UIKit.framework; path = System/Library/Frameworks/UIKit.framework; sourceTree = SDKROOT; };
		93D6D080191AD6D1002A553D /* SongSender-Info.plist */ = {isa = PBXFileReference; lastKnownFileType = text.plist.xml; path = "SongSender-Info.plist"; sourceTree = "<group>"; };
		93D6D082191AD6D1002A553D /* en */ = {isa = PBXFileReference; lastKnownFileType = text.plist.strings; name = en; path = en.lproj/InfoPlist.strings; sourceTree = "<group>"; };
		93D6D084191AD6D1002A553D /* main.m */ = {isa = PBXFileReference; lastKnownFileType = sourcecode.c.objc; path = main.m; sourceTree = "<group>"; };
		93D6D086191AD6D1002A553D /* SongSender-Prefix.pch */ = {isa = PBXFileReference; lastKnownFileType = sourcecode.c.h; path = "SongSender-Prefix.pch"; sourceTree = "<group>"; };
		93D6D087191AD6D1002A553D /* SSAppDelegate.h */ = {isa = PBXFileReference; lastKnownFileType = sourcecode.c.h; path = SSAppDelegate.h; sourceTree = "<group>"; };
		93D6D088191AD6D1002A553D /* SSAppDelegate.m */ = {isa = PBXFileReference; lastKnownFileType = sourcecode.c.objc; path = SSAppDelegate.m; sourceTree = "<group>"; };
		93D6D08A191AD6D1002A553D /* Images.xcassets */ = {isa = PBXFileReference; lastKnownFileType = folder.assetcatalog; path = Images.xcassets; sourceTree = "<group>"; };
		93D6D090191AD6D1002A553D /* SongSenderTests.xctest */ = {isa = PBXFileReference; explicitFileType = wrapper.cfbundle; includeInIndex = 0; path = SongSenderTests.xctest; sourceTree = BUILT_PRODUCTS_DIR; };
		93D6D091191AD6D1002A553D /* XCTest.framework */ = {isa = PBXFileReference; lastKnownFileType = wrapper.framework; name = XCTest.framework; path = Library/Frameworks/XCTest.framework; sourceTree = DEVELOPER_DIR; };
		93D6D099191AD6D1002A553D /* SongSenderTests-Info.plist */ = {isa = PBXFileReference; lastKnownFileType = text.plist.xml; path = "SongSenderTests-Info.plist"; sourceTree = "<group>"; };
		93D6D09B191AD6D1002A553D /* en */ = {isa = PBXFileReference; lastKnownFileType = text.plist.strings; name = en; path = en.lproj/InfoPlist.strings; sourceTree = "<group>"; };
		93D6D09D191AD6D1002A553D /* SongSenderTests.m */ = {isa = PBXFileReference; lastKnownFileType = sourcecode.c.objc; path = SongSenderTests.m; sourceTree = "<group>"; };
/* End PBXFileReference section */

/* Begin PBXFrameworksBuildPhase section */
		93D6D072191AD6D1002A553D /* Frameworks */ = {
			isa = PBXFrameworksBuildPhase;
			buildActionMask = 2147483647;
			files = (
				93D6D07B191AD6D1002A553D /* CoreGraphics.framework in Frameworks */,
				93D6D07D191AD6D1002A553D /* UIKit.framework in Frameworks */,
				93D6D079191AD6D1002A553D /* Foundation.framework in Frameworks */,
			);
			runOnlyForDeploymentPostprocessing = 0;
		};
		93D6D08D191AD6D1002A553D /* Frameworks */ = {
			isa = PBXFrameworksBuildPhase;
			buildActionMask = 2147483647;
			files = (
				93D6D092191AD6D1002A553D /* XCTest.framework in Frameworks */,
				93D6D094191AD6D1002A553D /* UIKit.framework in Frameworks */,
				93D6D093191AD6D1002A553D /* Foundation.framework in Frameworks */,
			);
			runOnlyForDeploymentPostprocessing = 0;
		};
/* End PBXFrameworksBuildPhase section */

/* Begin PBXGroup section */
		93D6D06C191AD6D1002A553D = {
			isa = PBXGroup;
			children = (
				93D6D07E191AD6D1002A553D /* SongSender */,
				93D6D097191AD6D1002A553D /* SongSenderTests */,
				93D6D077191AD6D1002A553D /* Frameworks */,
				93D6D076191AD6D1002A553D /* Products */,
			);
			sourceTree = "<group>";
		};
		93D6D076191AD6D1002A553D /* Products */ = {
			isa = PBXGroup;
			children = (
				93D6D075191AD6D1002A553D /* SongSender.app */,
				93D6D090191AD6D1002A553D /* SongSenderTests.xctest */,
			);
			name = Products;
			sourceTree = "<group>";
		};
		93D6D077191AD6D1002A553D /* Frameworks */ = {
			isa = PBXGroup;
			children = (
				93D6D078191AD6D1002A553D /* Foundation.framework */,
				93D6D07A191AD6D1002A553D /* CoreGraphics.framework */,
				93D6D07C191AD6D1002A553D /* UIKit.framework */,
				93D6D091191AD6D1002A553D /* XCTest.framework */,
			);
			name = Frameworks;
			sourceTree = "<group>";
		};
		93D6D07E191AD6D1002A553D /* SongSender */ = {
			isa = PBXGroup;
			children = (
				93D6D087191AD6D1002A553D /* SSAppDelegate.h */,
				93D6D088191AD6D1002A553D /* SSAppDelegate.m */,
				93D6D08A191AD6D1002A553D /* Images.xcassets */,
				93D6D07F191AD6D1002A553D /* Supporting Files */,
			);
			path = SongSender;
			sourceTree = "<group>";
		};
		93D6D07F191AD6D1002A553D /* Supporting Files */ = {
			isa = PBXGroup;
			children = (
				93D6D080191AD6D1002A553D /* SongSender-Info.plist */,
				93D6D081191AD6D1002A553D /* InfoPlist.strings */,
				93D6D084191AD6D1002A553D /* main.m */,
				93D6D086191AD6D1002A553D /* SongSender-Prefix.pch */,
			);
			name = "Supporting Files";
			sourceTree = "<group>";
		};
		93D6D097191AD6D1002A553D /* SongSenderTests */ = {
			isa = PBXGroup;
			children = (
				93D6D09D191AD6D1002A553D /* SongSenderTests.m */,
				93D6D098191AD6D1002A553D /* Supporting Files */,
			);
			path = SongSenderTests;
			sourceTree = "<group>";
		};
		93D6D098191AD6D1002A553D /* Supporting Files */ = {
			isa = PBXGroup;
			children = (
				93D6D099191AD6D1002A553D /* SongSenderTests-Info.plist */,
				93D6D09A191AD6D1002A553D /* InfoPlist.strings */,
			);
			name = "Supporting Files";
			sourceTree = "<group>";
		};
/* End PBXGroup section */

/* Begin PBXNativeTarget section */
		93D6D074191AD6D1002A553D /* SongSender */ = {
			isa = PBXNativeTarget;
			buildConfigurationList = 93D6D0A1191AD6D1002A553D /* Build configuration list for PBXNativeTarget "SongSender" */;
			buildPhases = (
				93D6D071191AD6D1002A553D /* Sources */,
				93D6D072191AD6D1002A553D /* Frameworks */,
				93D6D073191AD6D1002A553D /* Resources */,
			);
			buildRules = (
			);
			dependencies = (
			);
			name = SongSender;
			productName = SongSender;
			productReference = 93D6D075191AD6D1002A553D /* SongSender.app */;
			productType = "com.apple.product-type.application";
		};
		93D6D08F191AD6D1002A553D /* SongSenderTests */ = {
			isa = PBXNativeTarget;
			buildConfigurationList = 93D6D0A4191AD6D1002A553D /* Build configuration list for PBXNativeTarget "SongSenderTests" */;
			buildPhases = (
				93D6D08C191AD6D1002A553D /* Sources */,
				93D6D08D191AD6D1002A553D /* Frameworks */,
				93D6D08E191AD6D1002A553D /* Resources */,
			);
			buildRules = (
			);
			dependencies = (
				93D6D096191AD6D1002A553D /* PBXTargetDependency */,
			);
			name = SongSenderTests;
			productName = SongSenderTests;
			productReference = 93D6D090191AD6D1002A553D /* SongSenderTests.xctest */;
			productType = "com.apple.product-type.bundle.unit-test";
		};
/* End PBXNativeTarget section */

/* Begin PBXProject section */
		93D6D06D191AD6D1002A553D /* Project object */ = {
			isa = PBXProject;
			attributes = {
				CLASSPREFIX = SS;
				LastUpgradeCheck = 0510;
				ORGANIZATIONNAME = Aaron;
				TargetAttributes = {
					93D6D08F191AD6D1002A553D = {
						TestTargetID = 93D6D074191AD6D1002A553D;
					};
				};
			};
			buildConfigurationList = 93D6D070191AD6D1002A553D /* Build configuration list for PBXProject "SongSender" */;
			compatibilityVersion = "Xcode 3.2";
			developmentRegion = English;
			hasScannedForEncodings = 0;
			knownRegions = (
				en,
			);
			mainGroup = 93D6D06C191AD6D1002A553D;
			productRefGroup = 93D6D076191AD6D1002A553D /* Products */;
			projectDirPath = "";
			projectRoot = "";
			targets = (
				93D6D074191AD6D1002A553D /* SongSender */,
				93D6D08F191AD6D1002A553D /* SongSenderTests */,
			);
		};
/* End PBXProject section */

/* Begin PBXResourcesBuildPhase section */
		93D6D073191AD6D1002A553D /* Resources */ = {
			isa = PBXResourcesBuildPhase;
			buildActionMask = 2147483647;
			files = (
				93D6D083191AD6D1002A553D /* InfoPlist.strings in Resources */,
				93D6D08B191AD6D1002A553D /* Images.xcassets in Resources */,
			);
			runOnlyForDeploymentPostprocessing = 0;
		};
		93D6D08E191AD6D1002A553D /* Resources */ = {
			isa = PBXResourcesBuildPhase;
			buildActionMask = 2147483647;
			files = (
				93D6D09C191AD6D1002A553D /* InfoPlist.strings in Resources */,
			);
			runOnlyForDeploymentPostprocessing = 0;
		};
/* End PBXResourcesBuildPhase section */

/* Begin PBXSourcesBuildPhase section */
		93D6D071191AD6D1002A553D /* Sources */ = {
			isa = PBXSourcesBuildPhase;
			buildActionMask = 2147483647;
			files = (
				93D6D089191AD6D1002A553D /* SSAppDelegate.m in Sources */,
				93D6D085191AD6D1002A553D /* main.m in Sources */,
			);
			runOnlyForDeploymentPostprocessing = 0;
		};
		93D6D08C191AD6D1002A553D /* Sources */ = {
			isa = PBXSourcesBuildPhase;
			buildActionMask = 2147483647;
			files = (
				93D6D09E191AD6D1002A553D /* SongSenderTests.m in Sources */,
			);
			runOnlyForDeploymentPostprocessing = 0;
		};
/* End PBXSourcesBuildPhase section */

/* Begin PBXTargetDependency section */
		93D6D096191AD6D1002A553D /* PBXTargetDependency */ = {
			isa = PBXTargetDependency;
			target = 93D6D074191AD6D1002A553D /* SongSender */;
			targetProxy = 93D6D095191AD6D1002A553D /* PBXContainerItemProxy */;
		};
/* End PBXTargetDependency section */

/* Begin PBXVariantGroup section */
		93D6D081191AD6D1002A553D /* InfoPlist.strings */ = {
			isa = PBXVariantGroup;
			children = (
				93D6D082191AD6D1002A553D /* en */,
			);
			name = InfoPlist.strings;
			sourceTree = "<group>";
		};
		93D6D09A191AD6D1002A553D /* InfoPlist.strings */ = {
			isa = PBXVariantGroup;
			children = (
				93D6D09B191AD6D1002A553D /* en */,
			);
			name = InfoPlist.strings;
			sourceTree = "<group>";
		};
/* End PBXVariantGroup section */

/* Begin XCBuildConfiguration section */
		93D6D09F191AD6D1002A553D /* Debug */ = {
			isa = XCBuildConfiguration;
			buildSettings = {
				ALWAYS_SEARCH_USER_PATHS = NO;
				CLANG_CXX_LANGUAGE_STANDARD = "gnu++0x";
				CLANG_CXX_LIBRARY = "libc++";
				CLANG_ENABLE_MODULES = YES;
				CLANG_ENABLE_OBJC_ARC = YES;
				CLANG_WARN_BOOL_CONVERSION = YES;
				CLANG_WARN_CONSTANT_CONVERSION = YES;
				CLANG_WARN_DIRECT_OBJC_ISA_USAGE = YES_ERROR;
				CLANG_WARN_EMPTY_BODY = YES;
				CLANG_WARN_ENUM_CONVERSION = YES;
				CLANG_WARN_INT_CONVERSION = YES;
				CLANG_WARN_OBJC_ROOT_CLASS = YES_ERROR;
				CLANG_WARN__DUPLICATE_METHOD_MATCH = YES;
				"CODE_SIGN_IDENTITY[sdk=iphoneos*]" = "iPhone Developer";
				COPY_PHASE_STRIP = NO;
				GCC_C_LANGUAGE_STANDARD = gnu99;
				GCC_DYNAMIC_NO_PIC = NO;
				GCC_OPTIMIZATION_LEVEL = 0;
				GCC_PREPROCESSOR_DEFINITIONS = (
					"DEBUG=1",
					"$(inherited)",
				);
				GCC_SYMBOLS_PRIVATE_EXTERN = NO;
				GCC_WARN_64_TO_32_BIT_CONVERSION = YES;
				GCC_WARN_ABOUT_RETURN_TYPE = YES_ERROR;
				GCC_WARN_UNDECLARED_SELECTOR = YES;
				GCC_WARN_UNINITIALIZED_AUTOS = YES_AGGRESSIVE;
				GCC_WARN_UNUSED_FUNCTION = YES;
				GCC_WARN_UNUSED_VARIABLE = YES;
				IPHONEOS_DEPLOYMENT_TARGET = 7.1;
				ONLY_ACTIVE_ARCH = YES;
				SDKROOT = iphoneos;
			};
			name = Debug;
		};
		93D6D0A0191AD6D1002A553D /* Release */ = {
			isa = XCBuildConfiguration;
			buildSettings = {
				ALWAYS_SEARCH_USER_PATHS = NO;
				CLANG_CXX_LANGUAGE_STANDARD = "gnu++0x";
				CLANG_CXX_LIBRARY = "libc++";
				CLANG_ENABLE_MODULES = YES;
				CLANG_ENABLE_OBJC_ARC = YES;
				CLANG_WARN_BOOL_CONVERSION = YES;
				CLANG_WARN_CONSTANT_CONVERSION = YES;
				CLANG_WARN_DIRECT_OBJC_ISA_USAGE = YES_ERROR;
				CLANG_WARN_EMPTY_BODY = YES;
				CLANG_WARN_ENUM_CONVERSION = YES;
				CLANG_WARN_INT_CONVERSION = YES;
				CLANG_WARN_OBJC_ROOT_CLASS = YES_ERROR;
				CLANG_WARN__DUPLICATE_METHOD_MATCH = YES;
				"CODE_SIGN_IDENTITY[sdk=iphoneos*]" = "iPhone Developer";
				COPY_PHASE_STRIP = YES;
				ENABLE_NS_ASSERTIONS = NO;
				GCC_C_LANGUAGE_STANDARD = gnu99;
				GCC_WARN_64_TO_32_BIT_CONVERSION = YES;
				GCC_WARN_ABOUT_RETURN_TYPE = YES_ERROR;
				GCC_WARN_UNDECLARED_SELECTOR = YES;
				GCC_WARN_UNINITIALIZED_AUTOS = YES_AGGRESSIVE;
				GCC_WARN_UNUSED_FUNCTION = YES;
				GCC_WARN_UNUSED_VARIABLE = YES;
				IPHONEOS_DEPLOYMENT_TARGET = 7.1;
				SDKROOT = iphoneos;
				VALIDATE_PRODUCT = YES;
			};
			name = Release;
		};
		93D6D0A2191AD6D1002A553D /* Debug */ = {
			isa = XCBuildConfiguration;
			buildSettings = {
				ASSETCATALOG_COMPILER_APPICON_NAME = AppIcon;
				ASSETCATALOG_COMPILER_LAUNCHIMAGE_NAME = LaunchImage;
				GCC_PRECOMPILE_PREFIX_HEADER = YES;
				GCC_PREFIX_HEADER = "SongSender/SongSender-Prefix.pch";
				INFOPLIST_FILE = "SongSender/SongSender-Info.plist";
				PRODUCT_NAME = "$(TARGET_NAME)";
				WRAPPER_EXTENSION = app;
			};
			name = Debug;
		};
		93D6D0A3191AD6D1002A553D /* Release */ = {
			isa = XCBuildConfiguration;
			buildSettings = {
				ASSETCATALOG_COMPILER_APPICON_NAME = AppIcon;
				ASSETCATALOG_COMPILER_LAUNCHIMAGE_NAME = LaunchImage;
				GCC_PRECOMPILE_PREFIX_HEADER = YES;
				GCC_PREFIX_HEADER = "SongSender/SongSender-Prefix.pch";
				INFOPLIST_FILE = "SongSender/SongSender-Info.plist";
				PRODUCT_NAME = "$(TARGET_NAME)";
				WRAPPER_EXTENSION = app;
			};
			name = Release;
		};
		93D6D0A5191AD6D1002A553D /* Debug */ = {
			isa = XCBuildConfiguration;
			buildSettings = {
				BUNDLE_LOADER = "$(BUILT_PRODUCTS_DIR)/SongSender.app/SongSender";
				FRAMEWORK_SEARCH_PATHS = (
					"$(SDKROOT)/Developer/Library/Frameworks",
					"$(inherited)",
					"$(DEVELOPER_FRAMEWORKS_DIR)",
				);
				GCC_PRECOMPILE_PREFIX_HEADER = YES;
				GCC_PREFIX_HEADER = "SongSender/SongSender-Prefix.pch";
				GCC_PREPROCESSOR_DEFINITIONS = (
					"DEBUG=1",
					"$(inherited)",
				);
				INFOPLIST_FILE = "SongSenderTests/SongSenderTests-Info.plist";
				PRODUCT_NAME = "$(TARGET_NAME)";
				TEST_HOST = "$(BUNDLE_LOADER)";
				WRAPPER_EXTENSION = xctest;
			};
			name = Debug;
		};
		93D6D0A6191AD6D1002A553D /* Release */ = {
			isa = XCBuildConfiguration;
			buildSettings = {
				BUNDLE_LOADER = "$(BUILT_PRODUCTS_DIR)/SongSender.app/SongSender";
				FRAMEWORK_SEARCH_PATHS = (
					"$(SDKROOT)/Developer/Library/Frameworks",
					"$(inherited)",
					"$(DEVELOPER_FRAMEWORKS_DIR)",
				);
				GCC_PRECOMPILE_PREFIX_HEADER = YES;
				GCC_PREFIX_HEADER = "SongSender/SongSender-Prefix.pch";
				INFOPLIST_FILE = "SongSenderTests/SongSenderTests-Info.plist";
				PRODUCT_NAME = "$(TARGET_NAME)";
				TEST_HOST = "$(BUNDLE_LOADER)";
				WRAPPER_EXTENSION = xctest;
			};
			name = Release;
		};
/* End XCBuildConfiguration section */

/* Begin XCConfigurationList section */
		93D6D070191AD6D1002A553D /* Build configuration list for PBXProject "SongSender" */ = {
			isa = XCConfigurationList;
			buildConfigurations = (
				93D6D09F191AD6D1002A553D /* Debug */,
				93D6D0A0191AD6D1002A553D /* Release */,
			);
			defaultConfigurationIsVisible = 0;
			defaultConfigurationName = Release;
		};
		93D6D0A1191AD6D1002A553D /* Build configuration list for PBXNativeTarget "SongSender" */ = {
			isa = XCConfigurationList;
			buildConfigurations = (
				93D6D0A2191AD6D1002A553D /* Debug */,
				93D6D0A3191AD6D1002A553D /* Release */,
			);
			defaultConfigurationIsVisible = 0;
		};
		93D6D0A4191AD6D1002A553D /* Build configuration list for PBXNativeTarget "SongSenderTests" */ = {
			isa = XCConfigurationList;
			buildConfigurations = (
				93D6D0A5191AD6D1002A553D /* Debug */,
				93D6D0A6191AD6D1002A553D /* Release */,
			);
			defaultConfigurationIsVisible = 0;
		};
/* End XCConfigurationList section */
	};
	rootObject = 93D6D06D191AD6D1002A553D /* Project object */;
}
